
Microsoft Visual Studio Solution File, Format Version 12.00
# Visual Studio 15
VisualStudioVersion = 15.0.28307.136
MinimumVisualStudioVersion = 10.0.40219.1
Project("{2150E333-8FDC-42A3-9474-1A3956D46DE8}") = "src", "src", "{36557A79-A1F0-4A82-8E7D-6377AD12DC5D}"
EndProject
Project("{2150E333-8FDC-42A3-9474-1A3956D46DE8}") = "docs", "docs", "{8736B7DD-D6AD-4661-8F62-21AB030C7743}"
EndProject
Project("{2150E333-8FDC-42A3-9474-1A3956D46DE8}") = "tests", "tests", "{31168122-DEC2-4CE0-ADBA-7BC7B83C0274}"
EndProject
Project("{2150E333-8FDC-42A3-9474-1A3956D46DE8}") = "2 - Domain", "2 - Domain", "{6C79C826-2C4D-461F-9945-EADDFCDB67AF}"
EndProject
Project("{9A19103F-16F7-4668-BE54-9A1E7A4F7556}") = "AssistenteFinanceiro.Domain", "src\AssistenteFinanceiro.Domain\AssistenteFinanceiro.Domain.csproj", "{3514ABC5-C8D0-4A3F-809E-9E5C81794764}"
EndProject
Project("{2150E333-8FDC-42A3-9474-1A3956D46DE8}") = "3 - Infra", "3 - Infra", "{415BAD18-43A2-4623-877A-15D9D64820E9}"
EndProject
Project("{9A19103F-16F7-4668-BE54-9A1E7A4F7556}") = "AssistenteFinanceiro.Infra.Functional", "src\AssistenteFinanceiro.Infra.Functional\AssistenteFinanceiro.Infra.Functional.csproj", "{A7761B32-8F96-46B5-9FDD-202097E8FDE1}"
EndProject
Project("{9A19103F-16F7-4668-BE54-9A1E7A4F7556}") = "AssistenteFinanceiro.Infra.SharedKernel", "src\AssistenteFinanceiro.Infra.SharedKernel\AssistenteFinanceiro.Infra.SharedKernel.csproj", "{2FF701A0-1CB8-444C-9907-18D3D9476661}"
EndProject
Project("{9A19103F-16F7-4668-BE54-9A1E7A4F7556}") = "AssistenteFinanceiro.Infra.Database", "src\AssistenteFinanceiro.Infra.Database\AssistenteFinanceiro.Infra.Database.csproj", "{57B9331C-2CB9-4A0E-9376-8F622CB86C56}"
EndProject
Project("{2150E333-8FDC-42A3-9474-1A3956D46DE8}") = "database_scripts", "database_scripts", "{D615D7CA-831E-47CF-9C3D-557A787C0D19}"
	ProjectSection(SolutionItems) = preProject
		docs\database_scripts\create_schema.sql = docs\database_scripts\create_schema.sql
	EndProjectSection
EndProject
Project("{2150E333-8FDC-42A3-9474-1A3956D46DE8}") = "0 - Api", "0 - Api", "{A451C3CA-287A-4A57-B153-A58295753891}"
EndProject
Project("{2150E333-8FDC-42A3-9474-1A3956D46DE8}") = "1 - Application", "1 - Application", "{FFDBA708-1A6E-4287-9D25-7647DC40B35B}"
EndProject
Project("{2150E333-8FDC-42A3-9474-1A3956D46DE8}") = "Infrastructure", "Infrastructure", "{B0618895-0A11-4BD2-9F7E-72D50D4B0FEB}"
EndProject
Project("{9A19103F-16F7-4668-BE54-9A1E7A4F7556}") = "AssistenteFinanceiro.Application", "src\AssistenteFinanceiro.Application\AssistenteFinanceiro.Application.csproj", "{0B9AAA14-E5E2-4C10-8832-260CDE265B4E}"
EndProject
Project("{9A19103F-16F7-4668-BE54-9A1E7A4F7556}") = "AssistenteFinanceiro.Application.Infra.Repositories", "src\AssistenteFinanceiro.Application.Infra.Repositories\AssistenteFinanceiro.Application.Infra.Repositories.csproj", "{AB9C0685-977F-4A55-B9C5-E84D26137BD0}"
EndProject
Project("{9A19103F-16F7-4668-BE54-9A1E7A4F7556}") = "AssistenteFinanceiro.Application.Infra.Ioc", "src\AssistenteFinanceiro.Application.Infra.Ioc\AssistenteFinanceiro.Application.Infra.Ioc.csproj", "{596BBCCA-CE6B-4D6B-A2C7-90979654265C}"
EndProject
Project("{FAE04EC0-301F-11D3-BF4B-00C04F79EFBC}") = "AssistenteFinanceiro.Api", "src\AssistenteFinanceiro.Api\AssistenteFinanceiro.Api.csproj", "{88E48713-B9D0-423D-838A-E52D65D4C39C}"
EndProject
Global
	GlobalSection(SolutionConfigurationPlatforms) = preSolution
		Debug|Any CPU = Debug|Any CPU
		Release|Any CPU = Release|Any CPU
	EndGlobalSection
	GlobalSection(ProjectConfigurationPlatforms) = postSolution
		{3514ABC5-C8D0-4A3F-809E-9E5C81794764}.Debug|Any CPU.ActiveCfg = Debug|Any CPU
		{3514ABC5-C8D0-4A3F-809E-9E5C81794764}.Debug|Any CPU.Build.0 = Debug|Any CPU
		{3514ABC5-C8D0-4A3F-809E-9E5C81794764}.Release|Any CPU.ActiveCfg = Release|Any CPU
		{3514ABC5-C8D0-4A3F-809E-9E5C81794764}.Release|Any CPU.Build.0 = Release|Any CPU
		{A7761B32-8F96-46B5-9FDD-202097E8FDE1}.Debug|Any CPU.ActiveCfg = Debug|Any CPU
		{A7761B32-8F96-46B5-9FDD-202097E8FDE1}.Debug|Any CPU.Build.0 = Debug|Any CPU
		{A7761B32-8F96-46B5-9FDD-202097E8FDE1}.Release|Any CPU.ActiveCfg = Release|Any CPU
		{A7761B32-8F96-46B5-9FDD-202097E8FDE1}.Release|Any CPU.Build.0 = Release|Any CPU
		{2FF701A0-1CB8-444C-9907-18D3D9476661}.Debug|Any CPU.ActiveCfg = Debug|Any CPU
		{2FF701A0-1CB8-444C-9907-18D3D9476661}.Debug|Any CPU.Build.0 = Debug|Any CPU
		{2FF701A0-1CB8-444C-9907-18D3D9476661}.Release|Any CPU.ActiveCfg = Release|Any CPU
		{2FF701A0-1CB8-444C-9907-18D3D9476661}.Release|Any CPU.Build.0 = Release|Any CPU
		{57B9331C-2CB9-4A0E-9376-8F622CB86C56}.Debug|Any CPU.ActiveCfg = Debug|Any CPU
		{57B9331C-2CB9-4A0E-9376-8F622CB86C56}.Debug|Any CPU.Build.0 = Debug|Any CPU
		{57B9331C-2CB9-4A0E-9376-8F622CB86C56}.Release|Any CPU.ActiveCfg = Release|Any CPU
		{57B9331C-2CB9-4A0E-9376-8F622CB86C56}.Release|Any CPU.Build.0 = Release|Any CPU
		{0B9AAA14-E5E2-4C10-8832-260CDE265B4E}.Debug|Any CPU.ActiveCfg = Debug|Any CPU
		{0B9AAA14-E5E2-4C10-8832-260CDE265B4E}.Debug|Any CPU.Build.0 = Debug|Any CPU
		{0B9AAA14-E5E2-4C10-8832-260CDE265B4E}.Release|Any CPU.ActiveCfg = Release|Any CPU
		{0B9AAA14-E5E2-4C10-8832-260CDE265B4E}.Release|Any CPU.Build.0 = Release|Any CPU
		{AB9C0685-977F-4A55-B9C5-E84D26137BD0}.Debug|Any CPU.ActiveCfg = Debug|Any CPU
		{AB9C0685-977F-4A55-B9C5-E84D26137BD0}.Debug|Any CPU.Build.0 = Debug|Any CPU
		{AB9C0685-977F-4A55-B9C5-E84D26137BD0}.Release|Any CPU.ActiveCfg = Release|Any CPU
		{AB9C0685-977F-4A55-B9C5-E84D26137BD0}.Release|Any CPU.Build.0 = Release|Any CPU
		{596BBCCA-CE6B-4D6B-A2C7-90979654265C}.Debug|Any CPU.ActiveCfg = Debug|Any CPU
		{596BBCCA-CE6B-4D6B-A2C7-90979654265C}.Debug|Any CPU.Build.0 = Debug|Any CPU
		{596BBCCA-CE6B-4D6B-A2C7-90979654265C}.Release|Any CPU.ActiveCfg = Release|Any CPU
		{596BBCCA-CE6B-4D6B-A2C7-90979654265C}.Release|Any CPU.Build.0 = Release|Any CPU
		{88E48713-B9D0-423D-838A-E52D65D4C39C}.Debug|Any CPU.ActiveCfg = Debug|Any CPU
		{88E48713-B9D0-423D-838A-E52D65D4C39C}.Debug|Any CPU.Build.0 = Debug|Any CPU
		{88E48713-B9D0-423D-838A-E52D65D4C39C}.Release|Any CPU.ActiveCfg = Release|Any CPU
		{88E48713-B9D0-423D-838A-E52D65D4C39C}.Release|Any CPU.Build.0 = Release|Any CPU
	EndGlobalSection
	GlobalSection(SolutionProperties) = preSolution
		HideSolutionNode = FALSE
	EndGlobalSection
	GlobalSection(NestedProjects) = preSolution
		{6C79C826-2C4D-461F-9945-EADDFCDB67AF} = {36557A79-A1F0-4A82-8E7D-6377AD12DC5D}
		{3514ABC5-C8D0-4A3F-809E-9E5C81794764} = {6C79C826-2C4D-461F-9945-EADDFCDB67AF}
		{415BAD18-43A2-4623-877A-15D9D64820E9} = {36557A79-A1F0-4A82-8E7D-6377AD12DC5D}
		{A7761B32-8F96-46B5-9FDD-202097E8FDE1} = {415BAD18-43A2-4623-877A-15D9D64820E9}
		{2FF701A0-1CB8-444C-9907-18D3D9476661} = {415BAD18-43A2-4623-877A-15D9D64820E9}
		{57B9331C-2CB9-4A0E-9376-8F622CB86C56} = {415BAD18-43A2-4623-877A-15D9D64820E9}
		{D615D7CA-831E-47CF-9C3D-557A787C0D19} = {8736B7DD-D6AD-4661-8F62-21AB030C7743}
		{A451C3CA-287A-4A57-B153-A58295753891} = {36557A79-A1F0-4A82-8E7D-6377AD12DC5D}
		{FFDBA708-1A6E-4287-9D25-7647DC40B35B} = {36557A79-A1F0-4A82-8E7D-6377AD12DC5D}
		{B0618895-0A11-4BD2-9F7E-72D50D4B0FEB} = {FFDBA708-1A6E-4287-9D25-7647DC40B35B}
		{0B9AAA14-E5E2-4C10-8832-260CDE265B4E} = {FFDBA708-1A6E-4287-9D25-7647DC40B35B}
		{AB9C0685-977F-4A55-B9C5-E84D26137BD0} = {B0618895-0A11-4BD2-9F7E-72D50D4B0FEB}
		{596BBCCA-CE6B-4D6B-A2C7-90979654265C} = {B0618895-0A11-4BD2-9F7E-72D50D4B0FEB}
		{88E48713-B9D0-423D-838A-E52D65D4C39C} = {A451C3CA-287A-4A57-B153-A58295753891}
	EndGlobalSection
	GlobalSection(ExtensibilityGlobals) = postSolution
		SolutionGuid = {7B0A93E2-F3D1-4FC7-A436-7F6CE9A7A953}
	EndGlobalSection
EndGlobal
